
Microsoft Visual Studio Solution File, Format Version 12.00
# Visual Studio Version 17
VisualStudioVersion = 17.3.32825.248
MinimumVisualStudioVersion = 10.0.40219.1
Project("{FAE04EC0-301F-11D3-BF4B-00C04F79EFBC}") = "FD-Portal", "FD-Portal\FD-Portal.csproj", "{8288DDED-464E-49FB-8D94-5005C060126D}"
EndProject
Global
	GlobalSection(SolutionConfigurationPlatforms) = preSolution
		Debug|Any CPU = Debug|Any CPU
		Release|Any CPU = Release|Any CPU
	EndGlobalSection
	GlobalSection(ProjectConfigurationPlatforms) = postSolution
		{8288DDED-464E-49FB-8D94-5005C060126D}.Debug|Any CPU.ActiveCfg = Debug|Any CPU
		{8288DDED-464E-49FB-8D94-5005C060126D}.Debug|Any CPU.Build.0 = Debug|Any CPU
		{8288DDED-464E-49FB-8D94-5005C060126D}.Release|Any CPU.ActiveCfg = Release|Any CPU
		{8288DDED-464E-49FB-8D94-5005C060126D}.Release|Any CPU.Build.0 = Release|Any CPU
	EndGlobalSection
	GlobalSection(SolutionProperties) = preSolution
		HideSolutionNode = FALSE
	EndGlobalSection
	GlobalSection(ExtensibilityGlobals) = postSolution
		SolutionGuid = {8B071BA3-5653-477A-9326-FB4C8F7924A6}
	EndGlobalSection
EndGlobal
